
Microsoft Visual Studio Solution File, Format Version 12.00
# Visual Studio Version 17
VisualStudioVersion = 17.12.35707.178
MinimumVisualStudioVersion = 10.0.40219.1
Project("{FAE04EC0-301F-11D3-BF4B-00C04F79EFBC}") = "AppAdminMarketBert", "AppAdminMarketBert\AppAdminMarketBert.csproj", "{9F9F6D1B-906A-4D9C-8DA6-F4F6147DC3F1}"
	ProjectSection(ProjectDependencies) = postProject
		{6EC84294-9B08-4104-B644-6EAF9DDAFF1E} = {6EC84294-9B08-4104-B644-6EAF9DDAFF1E}
	EndProjectSection
EndProject
Project("{FAE04EC0-301F-11D3-BF4B-00C04F79EFBC}") = "MarketBert.AccesoDatos", "MarketBert.AccesoDatos\MarketBert.AccesoDatos.csproj", "{6EC84294-9B08-4104-B644-6EAF9DDAFF1E}"
	ProjectSection(ProjectDependencies) = postProject
		{5D5D6CF0-56F8-4AA8-A3BD-394A8E8A5D79} = {5D5D6CF0-56F8-4AA8-A3BD-394A8E8A5D79}
		{AF1FD431-2970-44A5-8E9F-74F1BB18155E} = {AF1FD431-2970-44A5-8E9F-74F1BB18155E}
	EndProjectSection
EndProject
Project("{FAE04EC0-301F-11D3-BF4B-00C04F79EFBC}") = "MarketBert.Models", "MarketBert.Models\MarketBert.Models.csproj", "{AF1FD431-2970-44A5-8E9F-74F1BB18155E}"
EndProject
Project("{FAE04EC0-301F-11D3-BF4B-00C04F79EFBC}") = "MarketBert.Utilidades", "MarketBert.Utilidades\MarketBert.Utilidades.csproj", "{5D5D6CF0-56F8-4AA8-A3BD-394A8E8A5D79}"
EndProject
Global
	GlobalSection(SolutionConfigurationPlatforms) = preSolution
		Debug|Any CPU = Debug|Any CPU
		Release|Any CPU = Release|Any CPU
	EndGlobalSection
	GlobalSection(ProjectConfigurationPlatforms) = postSolution
		{9F9F6D1B-906A-4D9C-8DA6-F4F6147DC3F1}.Debug|Any CPU.ActiveCfg = Debug|Any CPU
		{9F9F6D1B-906A-4D9C-8DA6-F4F6147DC3F1}.Debug|Any CPU.Build.0 = Debug|Any CPU
		{9F9F6D1B-906A-4D9C-8DA6-F4F6147DC3F1}.Release|Any CPU.ActiveCfg = Release|Any CPU
		{9F9F6D1B-906A-4D9C-8DA6-F4F6147DC3F1}.Release|Any CPU.Build.0 = Release|Any CPU
		{6EC84294-9B08-4104-B644-6EAF9DDAFF1E}.Debug|Any CPU.ActiveCfg = Debug|Any CPU
		{6EC84294-9B08-4104-B644-6EAF9DDAFF1E}.Debug|Any CPU.Build.0 = Debug|Any CPU
		{6EC84294-9B08-4104-B644-6EAF9DDAFF1E}.Release|Any CPU.ActiveCfg = Release|Any CPU
		{6EC84294-9B08-4104-B644-6EAF9DDAFF1E}.Release|Any CPU.Build.0 = Release|Any CPU
		{AF1FD431-2970-44A5-8E9F-74F1BB18155E}.Debug|Any CPU.ActiveCfg = Debug|Any CPU
		{AF1FD431-2970-44A5-8E9F-74F1BB18155E}.Debug|Any CPU.Build.0 = Debug|Any CPU
		{AF1FD431-2970-44A5-8E9F-74F1BB18155E}.Release|Any CPU.ActiveCfg = Release|Any CPU
		{AF1FD431-2970-44A5-8E9F-74F1BB18155E}.Release|Any CPU.Build.0 = Release|Any CPU
		{5D5D6CF0-56F8-4AA8-A3BD-394A8E8A5D79}.Debug|Any CPU.ActiveCfg = Debug|Any CPU
		{5D5D6CF0-56F8-4AA8-A3BD-394A8E8A5D79}.Debug|Any CPU.Build.0 = Debug|Any CPU
		{5D5D6CF0-56F8-4AA8-A3BD-394A8E8A5D79}.Release|Any CPU.ActiveCfg = Release|Any CPU
		{5D5D6CF0-56F8-4AA8-A3BD-394A8E8A5D79}.Release|Any CPU.Build.0 = Release|Any CPU
	EndGlobalSection
	GlobalSection(SolutionProperties) = preSolution
		HideSolutionNode = FALSE
	EndGlobalSection
EndGlobal
